
Microsoft Visual Studio Solution File, Format Version 12.00
# Visual Studio Version 16
VisualStudioVersion = 16.0.31702.278
MinimumVisualStudioVersion = 10.0.40219.1
Project("{9A19103F-16F7-4668-BE54-9A1E7A4F7556}") = "ContosoUniversity", "ContosoUniversity.csproj", "{EFFC2531-D2AC-413F-A9AF-EC1591C90308}"
EndProject
Global
	GlobalSection(SolutionConfigurationPlatforms) = preSolution
		Debug|Any CPU = Debug|Any CPU
		Release|Any CPU = Release|Any CPU
	EndGlobalSection
	GlobalSection(ProjectConfigurationPlatforms) = postSolution
		{EFFC2531-D2AC-413F-A9AF-EC1591C90308}.Debug|Any CPU.ActiveCfg = Debug|Any CPU
		{EFFC2531-D2AC-413F-A9AF-EC1591C90308}.Debug|Any CPU.Build.0 = Debug|Any CPU
		{EFFC2531-D2AC-413F-A9AF-EC1591C90308}.Release|Any CPU.ActiveCfg = Release|Any CPU
		{EFFC2531-D2AC-413F-A9AF-EC1591C90308}.Release|Any CPU.Build.0 = Release|Any CPU
	EndGlobalSection
	GlobalSection(SolutionProperties) = preSolution
		HideSolutionNode = FALSE
	EndGlobalSection
	GlobalSection(ExtensibilityGlobals) = postSolution
		SolutionGuid = {52E7A36E-71B0-4DAF-9F77-48389C040A2B}
	EndGlobalSection
EndGlobal
